{
  "name": "pi-extension-claude-rules",
  "version": "1.0.0",
  "lockfileVersion": 3,
  "requires": true,
  "packages": {
    "": {
      "name": "pi-extension-claude-rules",
      "version": "1.0.0",
      "dependencies": {
        "picomatch": "^4.0.2"
      },
      "devDependencies": {
        "@types/picomatch": "^3.0.1"
      }
    },
    "node_modules/@types/picomatch": {
      "version": "3.0.2",
      "resolved": "https://registry.npmjs.org/@types/picomatch/-/picomatch-3.0.2.tgz",
      "integrity": "sha512-n0i8TD3UDB7paoMMxA3Y65vUncFJXjcUf7lQY7YyKGl6031FNjfsLs6pdLFCy2GNFxItPJG8GvvpbZc2skH7WA==",
      "dev": true,
      "license": "MIT"
    },
    "node_modules/picomatch": {
      "version": "4.0.4",
      "resolved": "https://registry.npmjs.org/picomatch/-/picomatch-4.0.4.tgz",
      "integrity": "sha512-QP88BAKvMam/3NxH6vj2o21R6MjxZUAd6nlwAS/pnGvN9IVLocLHxGYIzFhg6fUQ+5th6P4dv4eW9jX3DSIj7A==",
      "license": "MIT",
      "engines": {
        "node": ">=12"
      },
      "funding": {
        "url": "https://github.com/sponsors/jonschlinkert"
      }
    }
  }
}
